{
  "requires": true,
  "lockfileVersion": 1,
  "dependencies": {
    "js-datepicker": {
      "version": "5.14.2",
      "resolved": "https://registry.npmjs.org/js-datepicker/-/js-datepicker-5.14.2.tgz",
      "integrity": "sha512-x+J5DznejOmtzt4uLJauhPgN56LA6N7TFnyZFYtYD+Mbg48I8QxcYytxfaPctMZB2GUUswzE+0bRzjwKPiETvg=="
    }
  }
}
